
Microsoft Visual Studio Solution File, Format Version 12.00
# Visual Studio Version 17
VisualStudioVersion = 17.13.35818.85 d17.13
MinimumVisualStudioVersion = 10.0.40219.1
Project("{FAE04EC0-301F-11D3-BF4B-00C04F79EFBC}") = "ChuongTrinhQuanLyKhachSan", "ChuongTrinhQuanLyKhachSan\ChuongTrinhQuanLyKhachSan.csproj", "{CE51D659-519D-4FEE-BC37-C0391C7E3C7D}"
EndProject
Global
	GlobalSection(SolutionConfigurationPlatforms) = preSolution
		Debug|Any CPU = Debug|Any CPU
		Release|Any CPU = Release|Any CPU
	EndGlobalSection
	GlobalSection(ProjectConfigurationPlatforms) = postSolution
		{CE51D659-519D-4FEE-BC37-C0391C7E3C7D}.Debug|Any CPU.ActiveCfg = Debug|Any CPU
		{CE51D659-519D-4FEE-BC37-C0391C7E3C7D}.Debug|Any CPU.Build.0 = Debug|Any CPU
		{CE51D659-519D-4FEE-BC37-C0391C7E3C7D}.Release|Any CPU.ActiveCfg = Release|Any CPU
		{CE51D659-519D-4FEE-BC37-C0391C7E3C7D}.Release|Any CPU.Build.0 = Release|Any CPU
	EndGlobalSection
	GlobalSection(SolutionProperties) = preSolution
		HideSolutionNode = FALSE
	EndGlobalSection
	GlobalSection(ExtensibilityGlobals) = postSolution
		SolutionGuid = {075BD7B3-E097-4DB1-8DF7-32CC120F412C}
	EndGlobalSection
EndGlobal
